{
  "version": 4,
  "terraform_version": "1.6.4",
  "serial": 3,
  "lineage": "d3d1ae9f-95ed-4758-8b39-d8ed9c42ba7f",
  "outputs": {},
  "resources": [
    {
      "mode": "managed",
      "type": "local_file",
      "name": "pet",
      "provider": "provider[\"registry.terraform.io/hashicorp/local\"]",
      "instances": [
        {
          "schema_version": 0,
          "attributes": {
            "content": "I like pets!",
            "content_base64": null,
            "content_base64sha256": "SnsitEbHtNysuYjZC/DmIN0kLZ1l/8MCfppYWYZomG4=",
            "content_base64sha512": "V4+uIUDUTpZxG30buylyHPbUe0G0cPU7FrPEKQ31YBCb+/FND1L1+tZ7J/fZSDFum5EfGdH73zxuVBo18eijuQ==",
            "content_md5": "c952d655d5ab588b07004637b4640e34",
            "content_sha1": "7e8950b58ca3aec54a939910797bf6d58035bafb",
            "content_sha256": "4a7b22b446c7b4dcacb988d90bf0e620dd242d9d65ffc3027e9a58598668986e",
            "content_sha512": "578fae2140d44e96711b7d1bbb29721cf6d47b41b470f53b16b3c4290df560109bfbf14d0f52f5fad67b27f7d948316e9b911f19d1fbdf3c6e541a35f1e8a3b9",
            "directory_permission": "0777",
            "file_permission": "0777",
            "filename": "/c/windows/ pets.txt",
            "id": "7e8950b58ca3aec54a939910797bf6d58035bafb",
            "sensitive_content": null,
            "source": null
          },
          "sensitive_attributes": []
        }
      ]
    },
    {
      "mode": "managed",
      "type": "random_pet",
      "name": "mypet",
      "provider": "provider[\"registry.terraform.io/hashicorp/random\"]",
      "instances": [
        {
          "schema_version": 0,
          "attributes": {
            "id": "MR.herring",
            "keepers": null,
            "length": 1,
            "prefix": "MR",
            "separator": "."
          },
          "sensitive_attributes": []
        }
      ]
    }
  ],
  "check_results": null
}
